
Microsoft Visual Studio Solution File, Format Version 12.00
Project("{FAE04EC0-301F-11D3-BF4B-00C04F79EFBC}") = "Kivikko.Json", "Kivikko.Json\Kivikko.Json.csproj", "{1F44766C-B3DB-490D-9302-DD51DC11CF29}"
EndProject
Project("{FAE04EC0-301F-11D3-BF4B-00C04F79EFBC}") = "Kivikko.Json.Tests", "Kivikko.Json.Tests\Kivikko.Json.Tests.csproj", "{9EBCDE04-EB8D-48DF-840B-EEDE9F7B173C}"
EndProject
Project("{FAE04EC0-301F-11D3-BF4B-00C04F79EFBC}") = "Kivikko.Json.Benchmark", "Kivikko.Json.Benchmark\Kivikko.Json.Benchmark.csproj", "{769E96C8-25E7-4981-9A1E-61B38AFC5B60}"
EndProject
Global
	GlobalSection(SolutionConfigurationPlatforms) = preSolution
		Debug|Any CPU = Debug|Any CPU
		Release|Any CPU = Release|Any CPU
	EndGlobalSection
	GlobalSection(ProjectConfigurationPlatforms) = postSolution
		{1F44766C-B3DB-490D-9302-DD51DC11CF29}.Debug|Any CPU.ActiveCfg = Debug|Any CPU
		{1F44766C-B3DB-490D-9302-DD51DC11CF29}.Debug|Any CPU.Build.0 = Debug|Any CPU
		{1F44766C-B3DB-490D-9302-DD51DC11CF29}.Release|Any CPU.ActiveCfg = Release|Any CPU
		{1F44766C-B3DB-490D-9302-DD51DC11CF29}.Release|Any CPU.Build.0 = Release|Any CPU
		{9EBCDE04-EB8D-48DF-840B-EEDE9F7B173C}.Debug|Any CPU.ActiveCfg = Debug|Any CPU
		{9EBCDE04-EB8D-48DF-840B-EEDE9F7B173C}.Debug|Any CPU.Build.0 = Debug|Any CPU
		{9EBCDE04-EB8D-48DF-840B-EEDE9F7B173C}.Release|Any CPU.ActiveCfg = Release|Any CPU
		{9EBCDE04-EB8D-48DF-840B-EEDE9F7B173C}.Release|Any CPU.Build.0 = Release|Any CPU
		{769E96C8-25E7-4981-9A1E-61B38AFC5B60}.Debug|Any CPU.ActiveCfg = Debug|Any CPU
		{769E96C8-25E7-4981-9A1E-61B38AFC5B60}.Debug|Any CPU.Build.0 = Debug|Any CPU
		{769E96C8-25E7-4981-9A1E-61B38AFC5B60}.Release|Any CPU.ActiveCfg = Release|Any CPU
		{769E96C8-25E7-4981-9A1E-61B38AFC5B60}.Release|Any CPU.Build.0 = Release|Any CPU
	EndGlobalSection
EndGlobal
